// !$*UTF8*$!
{
	archiveVersion = 1;
	classes = {
	};
	objectVersion = 50;
	objects = {

/* Begin PBXBuildFile section */
		45D42B9E23F5555600A0277B /* AppDelegate.swift in Sources */ = {isa = PBXBuildFile; fileRef = 45D42B9D23F5555600A0277B /* AppDelegate.swift */; };
		45D42BA023F5555600A0277B /* ViewController.swift in Sources */ = {isa = PBXBuildFile; fileRef = 45D42B9F23F5555600A0277B /* ViewController.swift */; };
		45D42BA323F5555600A0277B /* Main.storyboard in Resources */ = {isa = PBXBuildFile; fileRef = 45D42BA123F5555600A0277B /* Main.storyboard */; };
		45D42BA523F5555800A0277B /* Assets.xcassets in Resources */ = {isa = PBXBuildFile; fileRef = 45D42BA423F5555800A0277B /* Assets.xcassets */; };
		45D42BA823F5555800A0277B /* LaunchScreen.storyboard in Resources */ = {isa = PBXBuildFile; fileRef = 45D42BA623F5555800A0277B /* LaunchScreen.storyboard */; };
		45D42BB123F5584600A0277B /* sample.mp3 in Resources */ = {isa = PBXBuildFile; fileRef = 45D42BB023F5584600A0277B /* sample.mp3 */; };
/* End PBXBuildFile section */

/* Begin PBXFileReference section */
		45D42B9A23F5555600A0277B /* AudioPlay&background.app */ = {isa = PBXFileReference; explicitFileType = wrapper.application; includeInIndex = 0; path = "AudioPlay&background.app"; sourceTree = BUILT_PRODUCTS_DIR; };
		45D42B9D23F5555600A0277B /* AppDelegate.swift */ = {isa = PBXFileReference; lastKnownFileType = sourcecode.swift; path = AppDelegate.swift; sourceTree = "<group>"; };
		45D42B9F23F5555600A0277B /* ViewController.swift */ = {isa = PBXFileReference; lastKnownFileType = sourcecode.swift; path = ViewController.swift; sourceTree = "<group>"; };
		45D42BA223F5555600A0277B /* Base */ = {isa = PBXFileReference; lastKnownFileType = file.storyboard; name = Base; path = Base.lproj/Main.storyboard; sourceTree = "<group>"; };
		45D42BA423F5555800A0277B /* Assets.xcassets */ = {isa = PBXFileReference; lastKnownFileType = folder.assetcatalog; path = Assets.xcassets; sourceTree = "<group>"; };
		45D42BA723F5555800A0277B /* Base */ = {isa = PBXFileReference; lastKnownFileType = file.storyboard; name = Base; path = Base.lproj/LaunchScreen.storyboard; sourceTree = "<group>"; };
		45D42BA923F5555800A0277B /* Info.plist */ = {isa = PBXFileReference; lastKnownFileType = text.plist.xml; path = Info.plist; sourceTree = "<group>"; };
		45D42BB023F5584600A0277B /* sample.mp3 */ = {isa = PBXFileReference; lastKnownFileType = audio.mp3; path = sample.mp3; sourceTree = "<group>"; };
/* End PBXFileReference section */

/* Begin PBXFrameworksBuildPhase section */
		45D42B9723F5555600A0277B /* Frameworks */ = {
			isa = PBXFrameworksBuildPhase;
			buildActionMask = 2147483647;
			files = (
			);
			runOnlyForDeploymentPostprocessing = 0;
		};
/* End PBXFrameworksBuildPhase section */

/* Begin PBXGroup section */
		45D42B9123F5555600A0277B = {
			isa = PBXGroup;
			children = (
				45D42B9C23F5555600A0277B /* AudioPlay&background */,
				45D42B9B23F5555600A0277B /* Products */,
			);
			sourceTree = "<group>";
		};
		45D42B9B23F5555600A0277B /* Products */ = {
			isa = PBXGroup;
			children = (
				45D42B9A23F5555600A0277B /* AudioPlay&background.app */,
			);
			name = Products;
			sourceTree = "<group>";
		};
		45D42B9C23F5555600A0277B /* AudioPlay&background */ = {
			isa = PBXGroup;
			children = (
				45D42B9D23F5555600A0277B /* AppDelegate.swift */,
				45D42B9F23F5555600A0277B /* ViewController.swift */,
				45D42BAF23F5582800A0277B /* Music */,
				45D42BA123F5555600A0277B /* Main.storyboard */,
				45D42BA423F5555800A0277B /* Assets.xcassets */,
				45D42BA623F5555800A0277B /* LaunchScreen.storyboard */,
				45D42BA923F5555800A0277B /* Info.plist */,
			);
			path = "AudioPlay&background";
			sourceTree = "<group>";
		};
		45D42BAF23F5582800A0277B /* Music */ = {
			isa = PBXGroup;
			children = (
				45D42BB023F5584600A0277B /* sample.mp3 */,
			);
			path = Music;
			sourceTree = "<group>";
		};
/* End PBXGroup section */

/* Begin PBXNativeTarget section */
		45D42B9923F5555600A0277B /* AudioPlay&background */ = {
			isa = PBXNativeTarget;
			buildConfigurationList = 45D42BAC23F5555800A0277B /* Build configuration list for PBXNativeTarget "AudioPlay&background" */;
			buildPhases = (
				45D42B9623F5555600A0277B /* Sources */,
				45D42B9723F5555600A0277B /* Frameworks */,
				45D42B9823F5555600A0277B /* Resources */,
			);
			buildRules = (
			);
			dependencies = (
			);
			name = "AudioPlay&background";
			productName = "AudioPlay&background";
			productReference = 45D42B9A23F5555600A0277B /* AudioPlay&background.app */;
			productType = "com.apple.product-type.application";
		};
/* End PBXNativeTarget section */

/* Begin PBXProject section */
		45D42B9223F5555600A0277B /* Project object */ = {
			isa = PBXProject;
			attributes = {
				LastSwiftUpdateCheck = 1030;
				LastUpgradeCheck = 1030;
				ORGANIZATIONNAME = Srans02;
				TargetAttributes = {
					45D42B9923F5555600A0277B = {
						CreatedOnToolsVersion = 10.3;
						SystemCapabilities = {
							com.apple.BackgroundModes = {
								enabled = 1;
							};
						};
					};
				};
			};
			buildConfigurationList = 45D42B9523F5555600A0277B /* Build configuration list for PBXProject "AudioPlay&background" */;
			compatibilityVersion = "Xcode 9.3";
			developmentRegion = en;
			hasScannedForEncodings = 0;
			knownRegions = (
				en,
				Base,
			);
			mainGroup = 45D42B9123F5555600A0277B;
			productRefGroup = 45D42B9B23F5555600A0277B /* Products */;
			projectDirPath = "";
			projectRoot = "";
			targets = (
				45D42B9923F5555600A0277B /* AudioPlay&background */,
			);
		};
/* End PBXProject section */

/* Begin PBXResourcesBuildPhase section */
		45D42B9823F5555600A0277B /* Resources */ = {
			isa = PBXResourcesBuildPhase;
			buildActionMask = 2147483647;
			files = (
				45D42BB123F5584600A0277B /* sample.mp3 in Resources */,
				45D42BA823F5555800A0277B /* LaunchScreen.storyboard in Resources */,
				45D42BA523F5555800A0277B /* Assets.xcassets in Resources */,
				45D42BA323F5555600A0277B /* Main.storyboard in Resources */,
			);
			runOnlyForDeploymentPostprocessing = 0;
		};
/* End PBXResourcesBuildPhase section */

/* Begin PBXSourcesBuildPhase section */
		45D42B9623F5555600A0277B /* Sources */ = {
			isa = PBXSourcesBuildPhase;
			buildActionMask = 2147483647;
			files = (
				45D42BA023F5555600A0277B /* ViewController.swift in Sources */,
				45D42B9E23F5555600A0277B /* AppDelegate.swift in Sources */,
			);
			runOnlyForDeploymentPostprocessing = 0;
		};
/* End PBXSourcesBuildPhase section */

/* Begin PBXVariantGroup section */
		45D42BA123F5555600A0277B /* Main.storyboard */ = {
			isa = PBXVariantGroup;
			children = (
				45D42BA223F5555600A0277B /* Base */,
			);
			name = Main.storyboard;
			sourceTree = "<group>";
		};
		45D42BA623F5555800A0277B /* LaunchScreen.storyboard */ = {
			isa = PBXVariantGroup;
			children = (
				45D42BA723F5555800A0277B /* Base */,
			);
			name = LaunchScreen.storyboard;
			sourceTree = "<group>";
		};
/* End PBXVariantGroup section */

/* Begin XCBuildConfiguration section */
		45D42BAA23F5555800A0277B /* Debug */ = {
			isa = XCBuildConfiguration;
			buildSettings = {
				ALWAYS_SEARCH_USER_PATHS = NO;
				CLANG_ANALYZER_NONNULL = YES;
				CLANG_ANALYZER_NUMBER_OBJECT_CONVERSION = YES_AGGRESSIVE;
				CLANG_CXX_LANGUAGE_STANDARD = "gnu++14";
				CLANG_CXX_LIBRARY = "libc++";
				CLANG_ENABLE_MODULES = YES;
				CLANG_ENABLE_OBJC_ARC = YES;
				CLANG_ENABLE_OBJC_WEAK = YES;
				CLANG_WARN_BLOCK_CAPTURE_AUTORELEASING = YES;
				CLANG_WARN_BOOL_CONVERSION = YES;
				CLANG_WARN_COMMA = YES;
				CLANG_WARN_CONSTANT_CONVERSION = YES;
				CLANG_WARN_DEPRECATED_OBJC_IMPLEMENTATIONS = YES;
				CLANG_WARN_DIRECT_OBJC_ISA_USAGE = YES_ERROR;
				CLANG_WARN_DOCUMENTATION_COMMENTS = YES;
				CLANG_WARN_EMPTY_BODY = YES;
				CLANG_WARN_ENUM_CONVERSION = YES;
				CLANG_WARN_INFINITE_RECURSION = YES;
				CLANG_WARN_INT_CONVERSION = YES;
				CLANG_WARN_NON_LITERAL_NULL_CONVERSION = YES;
				CLANG_WARN_OBJC_IMPLICIT_RETAIN_SELF = YES;
				CLANG_WARN_OBJC_LITERAL_CONVERSION = YES;
				CLANG_WARN_OBJC_ROOT_CLASS = YES_ERROR;
				CLANG_WARN_RANGE_LOOP_ANALYSIS = YES;
				CLANG_WARN_STRICT_PROTOTYPES = YES;
				CLANG_WARN_SUSPICIOUS_MOVE = YES;
				CLANG_WARN_UNGUARDED_AVAILABILITY = YES_AGGRESSIVE;
				CLANG_WARN_UNREACHABLE_CODE = YES;
				CLANG_WARN__DUPLICATE_METHOD_MATCH = YES;
				CODE_SIGN_IDENTITY = "iPhone Developer";
				COPY_PHASE_STRIP = NO;
				DEBUG_INFORMATION_FORMAT = dwarf;
				ENABLE_STRICT_OBJC_MSGSEND = YES;
				ENABLE_TESTABILITY = YES;
				GCC_C_LANGUAGE_STANDARD = gnu11;
				GCC_DYNAMIC_NO_PIC = NO;
				GCC_NO_COMMON_BLOCKS = YES;
				GCC_OPTIMIZATION_LEVEL = 0;
				GCC_PREPROCESSOR_DEFINITIONS = (
					"DEBUG=1",
					"$(inherited)",
				);
				GCC_WARN_64_TO_32_BIT_CONVERSION = YES;
				GCC_WARN_ABOUT_RETURN_TYPE = YES_ERROR;
				GCC_WARN_UNDECLARED_SELECTOR = YES;
				GCC_WARN_UNINITIALIZED_AUTOS = YES_AGGRESSIVE;
				GCC_WARN_UNUSED_FUNCTION = YES;
				GCC_WARN_UNUSED_VARIABLE = YES;
				IPHONEOS_DEPLOYMENT_TARGET = 12.4;
				MTL_ENABLE_DEBUG_INFO = INCLUDE_SOURCE;
				MTL_FAST_MATH = YES;
				ONLY_ACTIVE_ARCH = YES;
				SDKROOT = iphoneos;
				SWIFT_ACTIVE_COMPILATION_CONDITIONS = DEBUG;
				SWIFT_OPTIMIZATION_LEVEL = "-Onone";
			};
			name = Debug;
		};
		45D42BAB23F5555800A0277B /* Release */ = {
			isa = XCBuildConfiguration;
			buildSettings = {
				ALWAYS_SEARCH_USER_PATHS = NO;
				CLANG_ANALYZER_NONNULL = YES;
				CLANG_ANALYZER_NUMBER_OBJECT_CONVERSION = YES_AGGRESSIVE;
				CLANG_CXX_LANGUAGE_STANDARD = "gnu++14";
				CLANG_CXX_LIBRARY = "libc++";
				CLANG_ENABLE_MODULES = YES;
				CLANG_ENABLE_OBJC_ARC = YES;
				CLANG_ENABLE_OBJC_WEAK = YES;
				CLANG_WARN_BLOCK_CAPTURE_AUTORELEASING = YES;
				CLANG_WARN_BOOL_CONVERSION = YES;
				CLANG_WARN_COMMA = YES;
				CLANG_WARN_CONSTANT_CONVERSION = YES;
				CLANG_WARN_DEPRECATED_OBJC_IMPLEMENTATIONS = YES;
				CLANG_WARN_DIRECT_OBJC_ISA_USAGE = YES_ERROR;
				CLANG_WARN_DOCUMENTATION_COMMENTS = YES;
				CLANG_WARN_EMPTY_BODY = YES;
				CLANG_WARN_ENUM_CONVERSION = YES;
				CLANG_WARN_INFINITE_RECURSION = YES;
				CLANG_WARN_INT_CONVERSION = YES;
				CLANG_WARN_NON_LITERAL_NULL_CONVERSION = YES;
				CLANG_WARN_OBJC_IMPLICIT_RETAIN_SELF = YES;
				CLANG_WARN_OBJC_LITERAL_CONVERSION = YES;
				CLANG_WARN_OBJC_ROOT_CLASS = YES_ERROR;
				CLANG_WARN_RANGE_LOOP_ANALYSIS = YES;
				CLANG_WARN_STRICT_PROTOTYPES = YES;
				CLANG_WARN_SUSPICIOUS_MOVE = YES;
				CLANG_WARN_UNGUARDED_AVAILABILITY = YES_AGGRESSIVE;
				CLANG_WARN_UNREACHABLE_CODE = YES;
				CLANG_WARN__DUPLICATE_METHOD_MATCH = YES;
				CODE_SIGN_IDENTITY = "iPhone Developer";
				COPY_PHASE_STRIP = NO;
				DEBUG_INFORMATION_FORMAT = "dwarf-with-dsym";
				ENABLE_NS_ASSERTIONS = NO;
				ENABLE_STRICT_OBJC_MSGSEND = YES;
				GCC_C_LANGUAGE_STANDARD = gnu11;
				GCC_NO_COMMON_BLOCKS = YES;
				GCC_WARN_64_TO_32_BIT_CONVERSION = YES;
				GCC_WARN_ABOUT_RETURN_TYPE = YES_ERROR;
				GCC_WARN_UNDECLARED_SELECTOR = YES;
				GCC_WARN_UNINITIALIZED_AUTOS = YES_AGGRESSIVE;
				GCC_WARN_UNUSED_FUNCTION = YES;
				GCC_WARN_UNUSED_VARIABLE = YES;
				IPHONEOS_DEPLOYMENT_TARGET = 12.4;
				MTL_ENABLE_DEBUG_INFO = NO;
				MTL_FAST_MATH = YES;
				SDKROOT = iphoneos;
				SWIFT_COMPILATION_MODE = wholemodule;
				SWIFT_OPTIMIZATION_LEVEL = "-O";
				VALIDATE_PRODUCT = YES;
			};
			name = Release;
		};
		45D42BAD23F5555800A0277B /* Debug */ = {
			isa = XCBuildConfiguration;
			buildSettings = {
				ASSETCATALOG_COMPILER_APPICON_NAME = AppIcon;
				CODE_SIGN_STYLE = Automatic;
				INFOPLIST_FILE = "AudioPlay&background/Info.plist";
				LD_RUNPATH_SEARCH_PATHS = (
					"$(inherited)",
					"@executable_path/Frameworks",
				);
				PRODUCT_BUNDLE_IDENTIFIER = "com.srans02.AudioPlay-background";
				PRODUCT_NAME = "$(TARGET_NAME)";
				SWIFT_VERSION = 5.0;
				TARGETED_DEVICE_FAMILY = "1,2";
			};
			name = Debug;
		};
		45D42BAE23F5555800A0277B /* Release */ = {
			isa = XCBuildConfiguration;
			buildSettings = {
				ASSETCATALOG_COMPILER_APPICON_NAME = AppIcon;
				CODE_SIGN_STYLE = Automatic;
				INFOPLIST_FILE = "AudioPlay&background/Info.plist";
				LD_RUNPATH_SEARCH_PATHS = (
					"$(inherited)",
					"@executable_path/Frameworks",
				);
				PRODUCT_BUNDLE_IDENTIFIER = "com.srans02.AudioPlay-background";
				PRODUCT_NAME = "$(TARGET_NAME)";
				SWIFT_VERSION = 5.0;
				TARGETED_DEVICE_FAMILY = "1,2";
			};
			name = Release;
		};
/* End XCBuildConfiguration section */

/* Begin XCConfigurationList section */
		45D42B9523F5555600A0277B /* Build configuration list for PBXProject "AudioPlay&background" */ = {
			isa = XCConfigurationList;
			buildConfigurations = (
				45D42BAA23F5555800A0277B /* Debug */,
				45D42BAB23F5555800A0277B /* Release */,
			);
			defaultConfigurationIsVisible = 0;
			defaultConfigurationName = Release;
		};
		45D42BAC23F5555800A0277B /* Build configuration list for PBXNativeTarget "AudioPlay&background" */ = {
			isa = XCConfigurationList;
			buildConfigurations = (
				45D42BAD23F5555800A0277B /* Debug */,
				45D42BAE23F5555800A0277B /* Release */,
			);
			defaultConfigurationIsVisible = 0;
			defaultConfigurationName = Release;
		};
/* End XCConfigurationList section */
	};
	rootObject = 45D42B9223F5555600A0277B /* Project object */;
}
